// !$*UTF8*$!
{
	archiveVersion = 1;
	classes = {
	};
	objectVersion = 56;
	objects = {

/* Begin PBXBuildFile section */
		D49266B52A515E6100945F6C /* OpenAPIKitForValidationApp.swift in Sources */ = {isa = PBXBuildFile; fileRef = D49266B42A515E6100945F6C /* OpenAPIKitForValidationApp.swift */; };
		D49266B72A515E6100945F6C /* ContentView.swift in Sources */ = {isa = PBXBuildFile; fileRef = D49266B62A515E6100945F6C /* ContentView.swift */; };
		D49266B92A515E6200945F6C /* Assets.xcassets in Resources */ = {isa = PBXBuildFile; fileRef = D49266B82A515E6200945F6C /* Assets.xcassets */; };
		D49266BC2A515E6200945F6C /* Preview Assets.xcassets in Resources */ = {isa = PBXBuildFile; fileRef = D49266BB2A515E6200945F6C /* Preview Assets.xcassets */; };
		D49266C42A515E9F00945F6C /* OpenAPIKit in Frameworks */ = {isa = PBXBuildFile; productRef = D49266C32A515E9F00945F6C /* OpenAPIKit */; };
		D49266C62A515ED700945F6C /* openapi.yaml in Resources */ = {isa = PBXBuildFile; fileRef = D49266C52A515ED700945F6C /* openapi.yaml */; };
		D49266C82A515EF800945F6C /* OpenAPIDocValidator.swift in Sources */ = {isa = PBXBuildFile; fileRef = D49266C72A515EF800945F6C /* OpenAPIDocValidator.swift */; };
		D49266CB2A51600400945F6C /* Yams in Frameworks */ = {isa = PBXBuildFile; productRef = D49266CA2A51600400945F6C /* Yams */; };
/* End PBXBuildFile section */

/* Begin PBXFileReference section */
		D49266B12A515E6100945F6C /* OpenAPIKitForValidation.app */ = {isa = PBXFileReference; explicitFileType = wrapper.application; includeInIndex = 0; path = OpenAPIKitForValidation.app; sourceTree = BUILT_PRODUCTS_DIR; };
		D49266B42A515E6100945F6C /* OpenAPIKitForValidationApp.swift */ = {isa = PBXFileReference; lastKnownFileType = sourcecode.swift; path = OpenAPIKitForValidationApp.swift; sourceTree = "<group>"; };
		D49266B62A515E6100945F6C /* ContentView.swift */ = {isa = PBXFileReference; lastKnownFileType = sourcecode.swift; path = ContentView.swift; sourceTree = "<group>"; };
		D49266B82A515E6200945F6C /* Assets.xcassets */ = {isa = PBXFileReference; lastKnownFileType = folder.assetcatalog; path = Assets.xcassets; sourceTree = "<group>"; };
		D49266BB2A515E6200945F6C /* Preview Assets.xcassets */ = {isa = PBXFileReference; lastKnownFileType = folder.assetcatalog; path = "Preview Assets.xcassets"; sourceTree = "<group>"; };
		D49266C52A515ED700945F6C /* openapi.yaml */ = {isa = PBXFileReference; fileEncoding = 4; lastKnownFileType = text.yaml; name = openapi.yaml; path = docs/openapi.yaml; sourceTree = SOURCE_ROOT; };
		D49266C72A515EF800945F6C /* OpenAPIDocValidator.swift */ = {isa = PBXFileReference; lastKnownFileType = sourcecode.swift; path = OpenAPIDocValidator.swift; sourceTree = "<group>"; };
/* End PBXFileReference section */

/* Begin PBXFrameworksBuildPhase section */
		D49266AE2A515E6100945F6C /* Frameworks */ = {
			isa = PBXFrameworksBuildPhase;
			buildActionMask = 2147483647;
			files = (
				D49266CB2A51600400945F6C /* Yams in Frameworks */,
				D49266C42A515E9F00945F6C /* OpenAPIKit in Frameworks */,
			);
			runOnlyForDeploymentPostprocessing = 0;
		};
/* End PBXFrameworksBuildPhase section */

/* Begin PBXGroup section */
		D49266A82A515E6100945F6C = {
			isa = PBXGroup;
			children = (
				D49266B32A515E6100945F6C /* OpenAPIKitForValidation */,
				D49266B22A515E6100945F6C /* Products */,
			);
			sourceTree = "<group>";
		};
		D49266B22A515E6100945F6C /* Products */ = {
			isa = PBXGroup;
			children = (
				D49266B12A515E6100945F6C /* OpenAPIKitForValidation.app */,
			);
			name = Products;
			sourceTree = "<group>";
		};
		D49266B32A515E6100945F6C /* OpenAPIKitForValidation */ = {
			isa = PBXGroup;
			children = (
				D49266C52A515ED700945F6C /* openapi.yaml */,
				D49266B42A515E6100945F6C /* OpenAPIKitForValidationApp.swift */,
				D49266B62A515E6100945F6C /* ContentView.swift */,
				D49266B82A515E6200945F6C /* Assets.xcassets */,
				D49266BA2A515E6200945F6C /* Preview Content */,
				D49266C72A515EF800945F6C /* OpenAPIDocValidator.swift */,
			);
			path = OpenAPIKitForValidation;
			sourceTree = "<group>";
		};
		D49266BA2A515E6200945F6C /* Preview Content */ = {
			isa = PBXGroup;
			children = (
				D49266BB2A515E6200945F6C /* Preview Assets.xcassets */,
			);
			path = "Preview Content";
			sourceTree = "<group>";
		};
/* End PBXGroup section */

/* Begin PBXNativeTarget section */
		D49266B02A515E6100945F6C /* OpenAPIKitForValidation */ = {
			isa = PBXNativeTarget;
			buildConfigurationList = D49266BF2A515E6200945F6C /* Build configuration list for PBXNativeTarget "OpenAPIKitForValidation" */;
			buildPhases = (
				D49266AD2A515E6100945F6C /* Sources */,
				D49266AE2A515E6100945F6C /* Frameworks */,
				D49266AF2A515E6100945F6C /* Resources */,
			);
			buildRules = (
			);
			dependencies = (
			);
			name = OpenAPIKitForValidation;
			packageProductDependencies = (
				D49266C32A515E9F00945F6C /* OpenAPIKit */,
				D49266CA2A51600400945F6C /* Yams */,
			);
			productName = OpenAPIKitForValidation;
			productReference = D49266B12A515E6100945F6C /* OpenAPIKitForValidation.app */;
			productType = "com.apple.product-type.application";
		};
/* End PBXNativeTarget section */

/* Begin PBXProject section */
		D49266A92A515E6100945F6C /* Project object */ = {
			isa = PBXProject;
			attributes = {
				BuildIndependentTargetsInParallel = 1;
				LastSwiftUpdateCheck = 1430;
				LastUpgradeCheck = 1430;
				TargetAttributes = {
					D49266B02A515E6100945F6C = {
						CreatedOnToolsVersion = 14.3.1;
					};
				};
			};
			buildConfigurationList = D49266AC2A515E6100945F6C /* Build configuration list for PBXProject "OpenAPIKitForValidation" */;
			compatibilityVersion = "Xcode 14.0";
			developmentRegion = en;
			hasScannedForEncodings = 0;
			knownRegions = (
				en,
				Base,
			);
			mainGroup = D49266A82A515E6100945F6C;
			packageReferences = (
				D49266C22A515E9F00945F6C /* XCRemoteSwiftPackageReference "OpenAPIKit" */,
				D49266C92A51600400945F6C /* XCRemoteSwiftPackageReference "Yams" */,
			);
			productRefGroup = D49266B22A515E6100945F6C /* Products */;
			projectDirPath = "";
			projectRoot = "";
			targets = (
				D49266B02A515E6100945F6C /* OpenAPIKitForValidation */,
			);
		};
/* End PBXProject section */

/* Begin PBXResourcesBuildPhase section */
		D49266AF2A515E6100945F6C /* Resources */ = {
			isa = PBXResourcesBuildPhase;
			buildActionMask = 2147483647;
			files = (
				D49266BC2A515E6200945F6C /* Preview Assets.xcassets in Resources */,
				D49266B92A515E6200945F6C /* Assets.xcassets in Resources */,
				D49266C62A515ED700945F6C /* openapi.yaml in Resources */,
			);
			runOnlyForDeploymentPostprocessing = 0;
		};
/* End PBXResourcesBuildPhase section */

/* Begin PBXSourcesBuildPhase section */
		D49266AD2A515E6100945F6C /* Sources */ = {
			isa = PBXSourcesBuildPhase;
			buildActionMask = 2147483647;
			files = (
				D49266C82A515EF800945F6C /* OpenAPIDocValidator.swift in Sources */,
				D49266B72A515E6100945F6C /* ContentView.swift in Sources */,
				D49266B52A515E6100945F6C /* OpenAPIKitForValidationApp.swift in Sources */,
			);
			runOnlyForDeploymentPostprocessing = 0;
		};
/* End PBXSourcesBuildPhase section */

/* Begin XCBuildConfiguration section */
		D49266BD2A515E6200945F6C /* Debug */ = {
			isa = XCBuildConfiguration;
			buildSettings = {
				ALWAYS_SEARCH_USER_PATHS = NO;
				CLANG_ANALYZER_NONNULL = YES;
				CLANG_ANALYZER_NUMBER_OBJECT_CONVERSION = YES_AGGRESSIVE;
				CLANG_CXX_LANGUAGE_STANDARD = "gnu++20";
				CLANG_ENABLE_MODULES = YES;
				CLANG_ENABLE_OBJC_ARC = YES;
				CLANG_ENABLE_OBJC_WEAK = YES;
				CLANG_WARN_BLOCK_CAPTURE_AUTORELEASING = YES;
				CLANG_WARN_BOOL_CONVERSION = YES;
				CLANG_WARN_COMMA = YES;
				CLANG_WARN_CONSTANT_CONVERSION = YES;
				CLANG_WARN_DEPRECATED_OBJC_IMPLEMENTATIONS = YES;
				CLANG_WARN_DIRECT_OBJC_ISA_USAGE = YES_ERROR;
				CLANG_WARN_DOCUMENTATION_COMMENTS = YES;
				CLANG_WARN_EMPTY_BODY = YES;
				CLANG_WARN_ENUM_CONVERSION = YES;
				CLANG_WARN_INFINITE_RECURSION = YES;
				CLANG_WARN_INT_CONVERSION = YES;
				CLANG_WARN_NON_LITERAL_NULL_CONVERSION = YES;
				CLANG_WARN_OBJC_IMPLICIT_RETAIN_SELF = YES;
				CLANG_WARN_OBJC_LITERAL_CONVERSION = YES;
				CLANG_WARN_OBJC_ROOT_CLASS = YES_ERROR;
				CLANG_WARN_QUOTED_INCLUDE_IN_FRAMEWORK_HEADER = YES;
				CLANG_WARN_RANGE_LOOP_ANALYSIS = YES;
				CLANG_WARN_STRICT_PROTOTYPES = YES;
				CLANG_WARN_SUSPICIOUS_MOVE = YES;
				CLANG_WARN_UNGUARDED_AVAILABILITY = YES_AGGRESSIVE;
				CLANG_WARN_UNREACHABLE_CODE = YES;
				CLANG_WARN__DUPLICATE_METHOD_MATCH = YES;
				COPY_PHASE_STRIP = NO;
				DEBUG_INFORMATION_FORMAT = dwarf;
				ENABLE_STRICT_OBJC_MSGSEND = YES;
				ENABLE_TESTABILITY = YES;
				GCC_C_LANGUAGE_STANDARD = gnu11;
				GCC_DYNAMIC_NO_PIC = NO;
				GCC_NO_COMMON_BLOCKS = YES;
				GCC_OPTIMIZATION_LEVEL = 0;
				GCC_PREPROCESSOR_DEFINITIONS = (
					"DEBUG=1",
					"$(inherited)",
				);
				GCC_WARN_64_TO_32_BIT_CONVERSION = YES;
				GCC_WARN_ABOUT_RETURN_TYPE = YES_ERROR;
				GCC_WARN_UNDECLARED_SELECTOR = YES;
				GCC_WARN_UNINITIALIZED_AUTOS = YES_AGGRESSIVE;
				GCC_WARN_UNUSED_FUNCTION = YES;
				GCC_WARN_UNUSED_VARIABLE = YES;
				IPHONEOS_DEPLOYMENT_TARGET = 16.4;
				MTL_ENABLE_DEBUG_INFO = INCLUDE_SOURCE;
				MTL_FAST_MATH = YES;
				ONLY_ACTIVE_ARCH = YES;
				SDKROOT = iphoneos;
				SWIFT_ACTIVE_COMPILATION_CONDITIONS = DEBUG;
				SWIFT_OPTIMIZATION_LEVEL = "-Onone";
			};
			name = Debug;
		};
		D49266BE2A515E6200945F6C /* Release */ = {
			isa = XCBuildConfiguration;
			buildSettings = {
				ALWAYS_SEARCH_USER_PATHS = NO;
				CLANG_ANALYZER_NONNULL = YES;
				CLANG_ANALYZER_NUMBER_OBJECT_CONVERSION = YES_AGGRESSIVE;
				CLANG_CXX_LANGUAGE_STANDARD = "gnu++20";
				CLANG_ENABLE_MODULES = YES;
				CLANG_ENABLE_OBJC_ARC = YES;
				CLANG_ENABLE_OBJC_WEAK = YES;
				CLANG_WARN_BLOCK_CAPTURE_AUTORELEASING = YES;
				CLANG_WARN_BOOL_CONVERSION = YES;
				CLANG_WARN_COMMA = YES;
				CLANG_WARN_CONSTANT_CONVERSION = YES;
				CLANG_WARN_DEPRECATED_OBJC_IMPLEMENTATIONS = YES;
				CLANG_WARN_DIRECT_OBJC_ISA_USAGE = YES_ERROR;
				CLANG_WARN_DOCUMENTATION_COMMENTS = YES;
				CLANG_WARN_EMPTY_BODY = YES;
				CLANG_WARN_ENUM_CONVERSION = YES;
				CLANG_WARN_INFINITE_RECURSION = YES;
				CLANG_WARN_INT_CONVERSION = YES;
				CLANG_WARN_NON_LITERAL_NULL_CONVERSION = YES;
				CLANG_WARN_OBJC_IMPLICIT_RETAIN_SELF = YES;
				CLANG_WARN_OBJC_LITERAL_CONVERSION = YES;
				CLANG_WARN_OBJC_ROOT_CLASS = YES_ERROR;
				CLANG_WARN_QUOTED_INCLUDE_IN_FRAMEWORK_HEADER = YES;
				CLANG_WARN_RANGE_LOOP_ANALYSIS = YES;
				CLANG_WARN_STRICT_PROTOTYPES = YES;
				CLANG_WARN_SUSPICIOUS_MOVE = YES;
				CLANG_WARN_UNGUARDED_AVAILABILITY = YES_AGGRESSIVE;
				CLANG_WARN_UNREACHABLE_CODE = YES;
				CLANG_WARN__DUPLICATE_METHOD_MATCH = YES;
				COPY_PHASE_STRIP = NO;
				DEBUG_INFORMATION_FORMAT = "dwarf-with-dsym";
				ENABLE_NS_ASSERTIONS = NO;
				ENABLE_STRICT_OBJC_MSGSEND = YES;
				GCC_C_LANGUAGE_STANDARD = gnu11;
				GCC_NO_COMMON_BLOCKS = YES;
				GCC_WARN_64_TO_32_BIT_CONVERSION = YES;
				GCC_WARN_ABOUT_RETURN_TYPE = YES_ERROR;
				GCC_WARN_UNDECLARED_SELECTOR = YES;
				GCC_WARN_UNINITIALIZED_AUTOS = YES_AGGRESSIVE;
				GCC_WARN_UNUSED_FUNCTION = YES;
				GCC_WARN_UNUSED_VARIABLE = YES;
				IPHONEOS_DEPLOYMENT_TARGET = 16.4;
				MTL_ENABLE_DEBUG_INFO = NO;
				MTL_FAST_MATH = YES;
				SDKROOT = iphoneos;
				SWIFT_COMPILATION_MODE = wholemodule;
				SWIFT_OPTIMIZATION_LEVEL = "-O";
				VALIDATE_PRODUCT = YES;
			};
			name = Release;
		};
		D49266C02A515E6200945F6C /* Debug */ = {
			isa = XCBuildConfiguration;
			buildSettings = {
				ASSETCATALOG_COMPILER_APPICON_NAME = AppIcon;
				ASSETCATALOG_COMPILER_GLOBAL_ACCENT_COLOR_NAME = AccentColor;
				CODE_SIGN_STYLE = Automatic;
				CURRENT_PROJECT_VERSION = 1;
				DEVELOPMENT_ASSET_PATHS = "\"OpenAPIKitForValidation/Preview Content\"";
				DEVELOPMENT_TEAM = 95L82PNXV3;
				ENABLE_PREVIEWS = YES;
				GENERATE_INFOPLIST_FILE = YES;
				INFOPLIST_KEY_UIApplicationSceneManifest_Generation = YES;
				INFOPLIST_KEY_UIApplicationSupportsIndirectInputEvents = YES;
				INFOPLIST_KEY_UILaunchScreen_Generation = YES;
				INFOPLIST_KEY_UISupportedInterfaceOrientations_iPad = "UIInterfaceOrientationPortrait UIInterfaceOrientationPortraitUpsideDown UIInterfaceOrientationLandscapeLeft UIInterfaceOrientationLandscapeRight";
				INFOPLIST_KEY_UISupportedInterfaceOrientations_iPhone = "UIInterfaceOrientationPortrait UIInterfaceOrientationLandscapeLeft UIInterfaceOrientationLandscapeRight";
				LD_RUNPATH_SEARCH_PATHS = (
					"$(inherited)",
					"@executable_path/Frameworks",
				);
				MARKETING_VERSION = 1.0;
				PRODUCT_BUNDLE_IDENTIFIER = com.kamimi.OpenAPIKitForValidation;
				PRODUCT_NAME = "$(TARGET_NAME)";
				SWIFT_EMIT_LOC_STRINGS = YES;
				SWIFT_VERSION = 5.0;
				TARGETED_DEVICE_FAMILY = "1,2";
			};
			name = Debug;
		};
		D49266C12A515E6200945F6C /* Release */ = {
			isa = XCBuildConfiguration;
			buildSettings = {
				ASSETCATALOG_COMPILER_APPICON_NAME = AppIcon;
				ASSETCATALOG_COMPILER_GLOBAL_ACCENT_COLOR_NAME = AccentColor;
				CODE_SIGN_STYLE = Automatic;
				CURRENT_PROJECT_VERSION = 1;
				DEVELOPMENT_ASSET_PATHS = "\"OpenAPIKitForValidation/Preview Content\"";
				DEVELOPMENT_TEAM = 95L82PNXV3;
				ENABLE_PREVIEWS = YES;
				GENERATE_INFOPLIST_FILE = YES;
				INFOPLIST_KEY_UIApplicationSceneManifest_Generation = YES;
				INFOPLIST_KEY_UIApplicationSupportsIndirectInputEvents = YES;
				INFOPLIST_KEY_UILaunchScreen_Generation = YES;
				INFOPLIST_KEY_UISupportedInterfaceOrientations_iPad = "UIInterfaceOrientationPortrait UIInterfaceOrientationPortraitUpsideDown UIInterfaceOrientationLandscapeLeft UIInterfaceOrientationLandscapeRight";
				INFOPLIST_KEY_UISupportedInterfaceOrientations_iPhone = "UIInterfaceOrientationPortrait UIInterfaceOrientationLandscapeLeft UIInterfaceOrientationLandscapeRight";
				LD_RUNPATH_SEARCH_PATHS = (
					"$(inherited)",
					"@executable_path/Frameworks",
				);
				MARKETING_VERSION = 1.0;
				PRODUCT_BUNDLE_IDENTIFIER = com.kamimi.OpenAPIKitForValidation;
				PRODUCT_NAME = "$(TARGET_NAME)";
				SWIFT_EMIT_LOC_STRINGS = YES;
				SWIFT_VERSION = 5.0;
				TARGETED_DEVICE_FAMILY = "1,2";
			};
			name = Release;
		};
/* End XCBuildConfiguration section */

/* Begin XCConfigurationList section */
		D49266AC2A515E6100945F6C /* Build configuration list for PBXProject "OpenAPIKitForValidation" */ = {
			isa = XCConfigurationList;
			buildConfigurations = (
				D49266BD2A515E6200945F6C /* Debug */,
				D49266BE2A515E6200945F6C /* Release */,
			);
			defaultConfigurationIsVisible = 0;
			defaultConfigurationName = Release;
		};
		D49266BF2A515E6200945F6C /* Build configuration list for PBXNativeTarget "OpenAPIKitForValidation" */ = {
			isa = XCConfigurationList;
			buildConfigurations = (
				D49266C02A515E6200945F6C /* Debug */,
				D49266C12A515E6200945F6C /* Release */,
			);
			defaultConfigurationIsVisible = 0;
			defaultConfigurationName = Release;
		};
/* End XCConfigurationList section */

/* Begin XCRemoteSwiftPackageReference section */
		D49266C22A515E9F00945F6C /* XCRemoteSwiftPackageReference "OpenAPIKit" */ = {
			isa = XCRemoteSwiftPackageReference;
			repositoryURL = "https://github.com/mattpolzin/OpenAPIKit.git";
			requirement = {
				kind = upToNextMajorVersion;
				minimumVersion = 2.0.0;
			};
		};
		D49266C92A51600400945F6C /* XCRemoteSwiftPackageReference "Yams" */ = {
			isa = XCRemoteSwiftPackageReference;
			repositoryURL = "https://github.com/jpsim/Yams.git";
			requirement = {
				kind = upToNextMajorVersion;
				minimumVersion = 5.0.0;
			};
		};
/* End XCRemoteSwiftPackageReference section */

/* Begin XCSwiftPackageProductDependency section */
		D49266C32A515E9F00945F6C /* OpenAPIKit */ = {
			isa = XCSwiftPackageProductDependency;
			package = D49266C22A515E9F00945F6C /* XCRemoteSwiftPackageReference "OpenAPIKit" */;
			productName = OpenAPIKit;
		};
		D49266CA2A51600400945F6C /* Yams */ = {
			isa = XCSwiftPackageProductDependency;
			package = D49266C92A51600400945F6C /* XCRemoteSwiftPackageReference "Yams" */;
			productName = Yams;
		};
/* End XCSwiftPackageProductDependency section */
	};
	rootObject = D49266A92A515E6100945F6C /* Project object */;
}
